{
  "socketPath": "/tmp/mcp-IFkCqV/mcp.sock",
  "scheme": "unix",
  "headers": {
    "Authorization": "Nonce 3d6c6c8d-8d09-4d87-8dc3-68e9cc9260fe"
  },
  "pid": 1627146,
  "ideName": "Visual Studio Code",
  "timestamp": 1775299243927,
  "workspaceFolders": [
    "/home/dragojla"
  ],
  "isTrusted": true
}