{
  "socketPath": "/tmp/mcp-Y5CRjX/mcp.sock",
  "scheme": "unix",
  "headers": {
    "Authorization": "Nonce 05434122-e136-4cb6-81bc-7cf4bd78851b"
  },
  "pid": 2807514,
  "ideName": "Visual Studio Code",
  "timestamp": 1775579899585,
  "workspaceFolders": [
    "/home/dragojla"
  ],
  "isTrusted": true
}