{
  "socketPath": "/tmp/mcp-1UXdVt/mcp.sock",
  "scheme": "unix",
  "headers": {
    "Authorization": "Nonce 6ca894f9-27d5-42b2-9649-17ce45285f35"
  },
  "pid": 2046098,
  "ideName": "Visual Studio Code",
  "timestamp": 1775397067120,
  "workspaceFolders": [
    "/home/dragojla"
  ],
  "isTrusted": true
}